// !$*UTF8*$!
{
	archiveVersion = 1;
	classes = {
	};
	objectVersion = 46;
	objects = {

/* Begin PBXBuildFile section */
		9002DD841A7515200083BE30 /* MyRefreshControl.m in Sources */ = {isa = PBXBuildFile; fileRef = 9002DD831A7515200083BE30 /* MyRefreshControl.m */; };
		901C75C51A4A93CF002103FA /* main.m in Sources */ = {isa = PBXBuildFile; fileRef = 901C75C41A4A93CF002103FA /* main.m */; };
		901C75C81A4A93CF002103FA /* AppDelegate.m in Sources */ = {isa = PBXBuildFile; fileRef = 901C75C71A4A93CF002103FA /* AppDelegate.m */; };
		901C75CB1A4A93CF002103FA /* ViewController.m in Sources */ = {isa = PBXBuildFile; fileRef = 901C75CA1A4A93CF002103FA /* ViewController.m */; };
		901C75CE1A4A93CF002103FA /* Main.storyboard in Resources */ = {isa = PBXBuildFile; fileRef = 901C75CC1A4A93CF002103FA /* Main.storyboard */; };
		901C75D01A4A93CF002103FA /* Images.xcassets in Resources */ = {isa = PBXBuildFile; fileRef = 901C75CF1A4A93CF002103FA /* Images.xcassets */; };
		901C75D31A4A93CF002103FA /* LaunchScreen.xib in Resources */ = {isa = PBXBuildFile; fileRef = 901C75D11A4A93CF002103FA /* LaunchScreen.xib */; };
		901C75DF1A4A93D0002103FA /* PKRefreshControlDemoTests.m in Sources */ = {isa = PBXBuildFile; fileRef = 901C75DE1A4A93D0002103FA /* PKRefreshControlDemoTests.m */; };
		901C75EA1A4A9423002103FA /* TableViewController.m in Sources */ = {isa = PBXBuildFile; fileRef = 901C75E91A4A9423002103FA /* TableViewController.m */; };
		901C75EE1A4A9615002103FA /* PKRefreshControl.m in Sources */ = {isa = PBXBuildFile; fileRef = 901C75ED1A4A9615002103FA /* PKRefreshControl.m */; };
		908FAC231A63A75A006BD8CC /* PKActivityIndicator.m in Sources */ = {isa = PBXBuildFile; fileRef = 908FAC221A63A75A006BD8CC /* PKActivityIndicator.m */; };
		90CA64FC1A7B0637008DB80D /* CollectionCollectionViewController.m in Sources */ = {isa = PBXBuildFile; fileRef = 90CA64FB1A7B0637008DB80D /* CollectionCollectionViewController.m */; };
/* End PBXBuildFile section */

/* Begin PBXContainerItemProxy section */
		901C75D91A4A93D0002103FA /* PBXContainerItemProxy */ = {
			isa = PBXContainerItemProxy;
			containerPortal = 901C75B71A4A93CF002103FA /* Project object */;
			proxyType = 1;
			remoteGlobalIDString = 901C75BE1A4A93CF002103FA;
			remoteInfo = PKRefreshControlDemo;
		};
/* End PBXContainerItemProxy section */

/* Begin PBXFileReference section */
		9002DD821A7515200083BE30 /* MyRefreshControl.h */ = {isa = PBXFileReference; fileEncoding = 4; lastKnownFileType = sourcecode.c.h; path = MyRefreshControl.h; sourceTree = "<group>"; };
		9002DD831A7515200083BE30 /* MyRefreshControl.m */ = {isa = PBXFileReference; fileEncoding = 4; lastKnownFileType = sourcecode.c.objc; path = MyRefreshControl.m; sourceTree = "<group>"; };
		901C75BF1A4A93CF002103FA /* PKRefreshControlDemo.app */ = {isa = PBXFileReference; explicitFileType = wrapper.application; includeInIndex = 0; path = PKRefreshControlDemo.app; sourceTree = BUILT_PRODUCTS_DIR; };
		901C75C31A4A93CF002103FA /* Info.plist */ = {isa = PBXFileReference; lastKnownFileType = text.plist.xml; path = Info.plist; sourceTree = "<group>"; };
		901C75C41A4A93CF002103FA /* main.m */ = {isa = PBXFileReference; lastKnownFileType = sourcecode.c.objc; path = main.m; sourceTree = "<group>"; };
		901C75C61A4A93CF002103FA /* AppDelegate.h */ = {isa = PBXFileReference; lastKnownFileType = sourcecode.c.h; path = AppDelegate.h; sourceTree = "<group>"; };
		901C75C71A4A93CF002103FA /* AppDelegate.m */ = {isa = PBXFileReference; lastKnownFileType = sourcecode.c.objc; path = AppDelegate.m; sourceTree = "<group>"; };
		901C75C91A4A93CF002103FA /* ViewController.h */ = {isa = PBXFileReference; lastKnownFileType = sourcecode.c.h; path = ViewController.h; sourceTree = "<group>"; };
		901C75CA1A4A93CF002103FA /* ViewController.m */ = {isa = PBXFileReference; lastKnownFileType = sourcecode.c.objc; path = ViewController.m; sourceTree = "<group>"; };
		901C75CD1A4A93CF002103FA /* Base */ = {isa = PBXFileReference; lastKnownFileType = file.storyboard; name = Base; path = Base.lproj/Main.storyboard; sourceTree = "<group>"; };
		901C75CF1A4A93CF002103FA /* Images.xcassets */ = {isa = PBXFileReference; lastKnownFileType = folder.assetcatalog; path = Images.xcassets; sourceTree = "<group>"; };
		901C75D21A4A93CF002103FA /* Base */ = {isa = PBXFileReference; lastKnownFileType = file.xib; name = Base; path = Base.lproj/LaunchScreen.xib; sourceTree = "<group>"; };
		901C75D81A4A93D0002103FA /* PKRefreshControlDemoTests.xctest */ = {isa = PBXFileReference; explicitFileType = wrapper.cfbundle; includeInIndex = 0; path = PKRefreshControlDemoTests.xctest; sourceTree = BUILT_PRODUCTS_DIR; };
		901C75DD1A4A93D0002103FA /* Info.plist */ = {isa = PBXFileReference; lastKnownFileType = text.plist.xml; path = Info.plist; sourceTree = "<group>"; };
		901C75DE1A4A93D0002103FA /* PKRefreshControlDemoTests.m */ = {isa = PBXFileReference; lastKnownFileType = sourcecode.c.objc; path = PKRefreshControlDemoTests.m; sourceTree = "<group>"; };
		901C75E81A4A9423002103FA /* TableViewController.h */ = {isa = PBXFileReference; fileEncoding = 4; lastKnownFileType = sourcecode.c.h; path = TableViewController.h; sourceTree = "<group>"; };
		901C75E91A4A9423002103FA /* TableViewController.m */ = {isa = PBXFileReference; fileEncoding = 4; lastKnownFileType = sourcecode.c.objc; path = TableViewController.m; sourceTree = "<group>"; };
		901C75EC1A4A9615002103FA /* PKRefreshControl.h */ = {isa = PBXFileReference; fileEncoding = 4; lastKnownFileType = sourcecode.c.h; path = PKRefreshControl.h; sourceTree = "<group>"; };
		901C75ED1A4A9615002103FA /* PKRefreshControl.m */ = {isa = PBXFileReference; fileEncoding = 4; lastKnownFileType = sourcecode.c.objc; path = PKRefreshControl.m; sourceTree = "<group>"; };
		908FAC211A63A75A006BD8CC /* PKActivityIndicator.h */ = {isa = PBXFileReference; fileEncoding = 4; lastKnownFileType = sourcecode.c.h; path = PKActivityIndicator.h; sourceTree = "<group>"; };
		908FAC221A63A75A006BD8CC /* PKActivityIndicator.m */ = {isa = PBXFileReference; fileEncoding = 4; lastKnownFileType = sourcecode.c.objc; path = PKActivityIndicator.m; sourceTree = "<group>"; };
		90CA64FA1A7B0637008DB80D /* CollectionCollectionViewController.h */ = {isa = PBXFileReference; fileEncoding = 4; lastKnownFileType = sourcecode.c.h; path = CollectionCollectionViewController.h; sourceTree = "<group>"; };
		90CA64FB1A7B0637008DB80D /* CollectionCollectionViewController.m */ = {isa = PBXFileReference; fileEncoding = 4; lastKnownFileType = sourcecode.c.objc; path = CollectionCollectionViewController.m; sourceTree = "<group>"; };
/* End PBXFileReference section */

/* Begin PBXFrameworksBuildPhase section */
		901C75BC1A4A93CF002103FA /* Frameworks */ = {
			isa = PBXFrameworksBuildPhase;
			buildActionMask = 2147483647;
			files = (
			);
			runOnlyForDeploymentPostprocessing = 0;
		};
		901C75D51A4A93D0002103FA /* Frameworks */ = {
			isa = PBXFrameworksBuildPhase;
			buildActionMask = 2147483647;
			files = (
			);
			runOnlyForDeploymentPostprocessing = 0;
		};
/* End PBXFrameworksBuildPhase section */

/* Begin PBXGroup section */
		901C75B61A4A93CF002103FA = {
			isa = PBXGroup;
			children = (
				901C75EB1A4A95F7002103FA /* PKRefreshControl */,
				901C75C11A4A93CF002103FA /* PKRefreshControlDemo */,
				901C75DB1A4A93D0002103FA /* PKRefreshControlDemoTests */,
				901C75C01A4A93CF002103FA /* Products */,
				AD4FBB7222B48A61E24882A8 /* Frameworks */,
			);
			sourceTree = "<group>";
		};
		901C75C01A4A93CF002103FA /* Products */ = {
			isa = PBXGroup;
			children = (
				901C75BF1A4A93CF002103FA /* PKRefreshControlDemo.app */,
				901C75D81A4A93D0002103FA /* PKRefreshControlDemoTests.xctest */,
			);
			name = Products;
			sourceTree = "<group>";
		};
		901C75C11A4A93CF002103FA /* PKRefreshControlDemo */ = {
			isa = PBXGroup;
			children = (
				901C75C61A4A93CF002103FA /* AppDelegate.h */,
				901C75C71A4A93CF002103FA /* AppDelegate.m */,
				901C75C91A4A93CF002103FA /* ViewController.h */,
				901C75CA1A4A93CF002103FA /* ViewController.m */,
				901C75CC1A4A93CF002103FA /* Main.storyboard */,
				901C75CF1A4A93CF002103FA /* Images.xcassets */,
				901C75D11A4A93CF002103FA /* LaunchScreen.xib */,
				901C75C21A4A93CF002103FA /* Supporting Files */,
				901C75E81A4A9423002103FA /* TableViewController.h */,
				901C75E91A4A9423002103FA /* TableViewController.m */,
				9002DD821A7515200083BE30 /* MyRefreshControl.h */,
				9002DD831A7515200083BE30 /* MyRefreshControl.m */,
				90CA64FA1A7B0637008DB80D /* CollectionCollectionViewController.h */,
				90CA64FB1A7B0637008DB80D /* CollectionCollectionViewController.m */,
			);
			path = PKRefreshControlDemo;
			sourceTree = "<group>";
		};
		901C75C21A4A93CF002103FA /* Supporting Files */ = {
			isa = PBXGroup;
			children = (
				901C75C31A4A93CF002103FA /* Info.plist */,
				901C75C41A4A93CF002103FA /* main.m */,
			);
			name = "Supporting Files";
			sourceTree = "<group>";
		};
		901C75DB1A4A93D0002103FA /* PKRefreshControlDemoTests */ = {
			isa = PBXGroup;
			children = (
				901C75DE1A4A93D0002103FA /* PKRefreshControlDemoTests.m */,
				901C75DC1A4A93D0002103FA /* Supporting Files */,
			);
			path = PKRefreshControlDemoTests;
			sourceTree = "<group>";
		};
		901C75DC1A4A93D0002103FA /* Supporting Files */ = {
			isa = PBXGroup;
			children = (
				901C75DD1A4A93D0002103FA /* Info.plist */,
			);
			name = "Supporting Files";
			sourceTree = "<group>";
		};
		901C75EB1A4A95F7002103FA /* PKRefreshControl */ = {
			isa = PBXGroup;
			children = (
				901C75EC1A4A9615002103FA /* PKRefreshControl.h */,
				901C75ED1A4A9615002103FA /* PKRefreshControl.m */,
				908FAC211A63A75A006BD8CC /* PKActivityIndicator.h */,
				908FAC221A63A75A006BD8CC /* PKActivityIndicator.m */,
			);
			path = PKRefreshControl;
			sourceTree = "<group>";
		};
		AD4FBB7222B48A61E24882A8 /* Frameworks */ = {
			isa = PBXGroup;
			children = (
			);
			name = Frameworks;
			sourceTree = "<group>";
		};
/* End PBXGroup section */

/* Begin PBXNativeTarget section */
		901C75BE1A4A93CF002103FA /* PKRefreshControlDemo */ = {
			isa = PBXNativeTarget;
			buildConfigurationList = 901C75E21A4A93D0002103FA /* Build configuration list for PBXNativeTarget "PKRefreshControlDemo" */;
			buildPhases = (
				901C75BB1A4A93CF002103FA /* Sources */,
				901C75BC1A4A93CF002103FA /* Frameworks */,
				901C75BD1A4A93CF002103FA /* Resources */,
			);
			buildRules = (
			);
			dependencies = (
			);
			name = PKRefreshControlDemo;
			productName = PKRefreshControlDemo;
			productReference = 901C75BF1A4A93CF002103FA /* PKRefreshControlDemo.app */;
			productType = "com.apple.product-type.application";
		};
		901C75D71A4A93D0002103FA /* PKRefreshControlDemoTests */ = {
			isa = PBXNativeTarget;
			buildConfigurationList = 901C75E51A4A93D0002103FA /* Build configuration list for PBXNativeTarget "PKRefreshControlDemoTests" */;
			buildPhases = (
				901C75D41A4A93D0002103FA /* Sources */,
				901C75D51A4A93D0002103FA /* Frameworks */,
				901C75D61A4A93D0002103FA /* Resources */,
			);
			buildRules = (
			);
			dependencies = (
				901C75DA1A4A93D0002103FA /* PBXTargetDependency */,
			);
			name = PKRefreshControlDemoTests;
			productName = PKRefreshControlDemoTests;
			productReference = 901C75D81A4A93D0002103FA /* PKRefreshControlDemoTests.xctest */;
			productType = "com.apple.product-type.bundle.unit-test";
		};
/* End PBXNativeTarget section */

/* Begin PBXProject section */
		901C75B71A4A93CF002103FA /* Project object */ = {
			isa = PBXProject;
			attributes = {
				LastUpgradeCheck = 0610;
				ORGANIZATIONNAME = Goodpatch;
				TargetAttributes = {
					901C75BE1A4A93CF002103FA = {
						CreatedOnToolsVersion = 6.1;
					};
					901C75D71A4A93D0002103FA = {
						CreatedOnToolsVersion = 6.1;
						TestTargetID = 901C75BE1A4A93CF002103FA;
					};
				};
			};
			buildConfigurationList = 901C75BA1A4A93CF002103FA /* Build configuration list for PBXProject "PKRefreshControlDemo" */;
			compatibilityVersion = "Xcode 3.2";
			developmentRegion = English;
			hasScannedForEncodings = 0;
			knownRegions = (
				en,
				Base,
			);
			mainGroup = 901C75B61A4A93CF002103FA;
			productRefGroup = 901C75C01A4A93CF002103FA /* Products */;
			projectDirPath = "";
			projectRoot = "";
			targets = (
				901C75BE1A4A93CF002103FA /* PKRefreshControlDemo */,
				901C75D71A4A93D0002103FA /* PKRefreshControlDemoTests */,
			);
		};
/* End PBXProject section */

/* Begin PBXResourcesBuildPhase section */
		901C75BD1A4A93CF002103FA /* Resources */ = {
			isa = PBXResourcesBuildPhase;
			buildActionMask = 2147483647;
			files = (
				901C75CE1A4A93CF002103FA /* Main.storyboard in Resources */,
				901C75D31A4A93CF002103FA /* LaunchScreen.xib in Resources */,
				901C75D01A4A93CF002103FA /* Images.xcassets in Resources */,
			);
			runOnlyForDeploymentPostprocessing = 0;
		};
		901C75D61A4A93D0002103FA /* Resources */ = {
			isa = PBXResourcesBuildPhase;
			buildActionMask = 2147483647;
			files = (
			);
			runOnlyForDeploymentPostprocessing = 0;
		};
/* End PBXResourcesBuildPhase section */

/* Begin PBXSourcesBuildPhase section */
		901C75BB1A4A93CF002103FA /* Sources */ = {
			isa = PBXSourcesBuildPhase;
			buildActionMask = 2147483647;
			files = (
				901C75CB1A4A93CF002103FA /* ViewController.m in Sources */,
				908FAC231A63A75A006BD8CC /* PKActivityIndicator.m in Sources */,
				9002DD841A7515200083BE30 /* MyRefreshControl.m in Sources */,
				901C75C81A4A93CF002103FA /* AppDelegate.m in Sources */,
				901C75C51A4A93CF002103FA /* main.m in Sources */,
				901C75EE1A4A9615002103FA /* PKRefreshControl.m in Sources */,
				90CA64FC1A7B0637008DB80D /* CollectionCollectionViewController.m in Sources */,
				901C75EA1A4A9423002103FA /* TableViewController.m in Sources */,
			);
			runOnlyForDeploymentPostprocessing = 0;
		};
		901C75D41A4A93D0002103FA /* Sources */ = {
			isa = PBXSourcesBuildPhase;
			buildActionMask = 2147483647;
			files = (
				901C75DF1A4A93D0002103FA /* PKRefreshControlDemoTests.m in Sources */,
			);
			runOnlyForDeploymentPostprocessing = 0;
		};
/* End PBXSourcesBuildPhase section */

/* Begin PBXTargetDependency section */
		901C75DA1A4A93D0002103FA /* PBXTargetDependency */ = {
			isa = PBXTargetDependency;
			target = 901C75BE1A4A93CF002103FA /* PKRefreshControlDemo */;
			targetProxy = 901C75D91A4A93D0002103FA /* PBXContainerItemProxy */;
		};
/* End PBXTargetDependency section */

/* Begin PBXVariantGroup section */
		901C75CC1A4A93CF002103FA /* Main.storyboard */ = {
			isa = PBXVariantGroup;
			children = (
				901C75CD1A4A93CF002103FA /* Base */,
			);
			name = Main.storyboard;
			sourceTree = "<group>";
		};
		901C75D11A4A93CF002103FA /* LaunchScreen.xib */ = {
			isa = PBXVariantGroup;
			children = (
				901C75D21A4A93CF002103FA /* Base */,
			);
			name = LaunchScreen.xib;
			sourceTree = "<group>";
		};
/* End PBXVariantGroup section */

/* Begin XCBuildConfiguration section */
		901C75E01A4A93D0002103FA /* Debug */ = {
			isa = XCBuildConfiguration;
			buildSettings = {
				ALWAYS_SEARCH_USER_PATHS = NO;
				CLANG_CXX_LANGUAGE_STANDARD = "gnu++0x";
				CLANG_CXX_LIBRARY = "libc++";
				CLANG_ENABLE_MODULES = YES;
				CLANG_ENABLE_OBJC_ARC = YES;
				CLANG_WARN_BOOL_CONVERSION = YES;
				CLANG_WARN_CONSTANT_CONVERSION = YES;
				CLANG_WARN_DIRECT_OBJC_ISA_USAGE = YES_ERROR;
				CLANG_WARN_EMPTY_BODY = YES;
				CLANG_WARN_ENUM_CONVERSION = YES;
				CLANG_WARN_INT_CONVERSION = YES;
				CLANG_WARN_OBJC_ROOT_CLASS = YES_ERROR;
				CLANG_WARN_UNREACHABLE_CODE = YES;
				CLANG_WARN__DUPLICATE_METHOD_MATCH = YES;
				"CODE_SIGN_IDENTITY[sdk=iphoneos*]" = "iPhone Developer";
				COPY_PHASE_STRIP = NO;
				ENABLE_STRICT_OBJC_MSGSEND = YES;
				GCC_C_LANGUAGE_STANDARD = gnu99;
				GCC_DYNAMIC_NO_PIC = NO;
				GCC_OPTIMIZATION_LEVEL = 0;
				GCC_PREPROCESSOR_DEFINITIONS = (
					"DEBUG=1",
					"$(inherited)",
				);
				GCC_SYMBOLS_PRIVATE_EXTERN = NO;
				GCC_WARN_64_TO_32_BIT_CONVERSION = YES;
				GCC_WARN_ABOUT_RETURN_TYPE = YES_ERROR;
				GCC_WARN_UNDECLARED_SELECTOR = YES;
				GCC_WARN_UNINITIALIZED_AUTOS = YES_AGGRESSIVE;
				GCC_WARN_UNUSED_FUNCTION = YES;
				GCC_WARN_UNUSED_VARIABLE = YES;
				IPHONEOS_DEPLOYMENT_TARGET = 8.1;
				MTL_ENABLE_DEBUG_INFO = YES;
				ONLY_ACTIVE_ARCH = YES;
				SDKROOT = iphoneos;
				TARGETED_DEVICE_FAMILY = "1,2";
			};
			name = Debug;
		};
		901C75E11A4A93D0002103FA /* Release */ = {
			isa = XCBuildConfiguration;
			buildSettings = {
				ALWAYS_SEARCH_USER_PATHS = NO;
				CLANG_CXX_LANGUAGE_STANDARD = "gnu++0x";
				CLANG_CXX_LIBRARY = "libc++";
				CLANG_ENABLE_MODULES = YES;
				CLANG_ENABLE_OBJC_ARC = YES;
				CLANG_WARN_BOOL_CONVERSION = YES;
				CLANG_WARN_CONSTANT_CONVERSION = YES;
				CLANG_WARN_DIRECT_OBJC_ISA_USAGE = YES_ERROR;
				CLANG_WARN_EMPTY_BODY = YES;
				CLANG_WARN_ENUM_CONVERSION = YES;
				CLANG_WARN_INT_CONVERSION = YES;
				CLANG_WARN_OBJC_ROOT_CLASS = YES_ERROR;
				CLANG_WARN_UNREACHABLE_CODE = YES;
				CLANG_WARN__DUPLICATE_METHOD_MATCH = YES;
				"CODE_SIGN_IDENTITY[sdk=iphoneos*]" = "iPhone Developer";
				COPY_PHASE_STRIP = YES;
				ENABLE_NS_ASSERTIONS = NO;
				ENABLE_STRICT_OBJC_MSGSEND = YES;
				GCC_C_LANGUAGE_STANDARD = gnu99;
				GCC_WARN_64_TO_32_BIT_CONVERSION = YES;
				GCC_WARN_ABOUT_RETURN_TYPE = YES_ERROR;
				GCC_WARN_UNDECLARED_SELECTOR = YES;
				GCC_WARN_UNINITIALIZED_AUTOS = YES_AGGRESSIVE;
				GCC_WARN_UNUSED_FUNCTION = YES;
				GCC_WARN_UNUSED_VARIABLE = YES;
				IPHONEOS_DEPLOYMENT_TARGET = 8.1;
				MTL_ENABLE_DEBUG_INFO = NO;
				SDKROOT = iphoneos;
				TARGETED_DEVICE_FAMILY = "1,2";
				VALIDATE_PRODUCT = YES;
			};
			name = Release;
		};
		901C75E31A4A93D0002103FA /* Debug */ = {
			isa = XCBuildConfiguration;
			buildSettings = {
				ASSETCATALOG_COMPILER_APPICON_NAME = AppIcon;
				ASSETCATALOG_COMPILER_LAUNCHIMAGE_NAME = LaunchImage;
				INFOPLIST_FILE = PKRefreshControlDemo/Info.plist;
				IPHONEOS_DEPLOYMENT_TARGET = 7.0;
				LD_RUNPATH_SEARCH_PATHS = "$(inherited) @executable_path/Frameworks";
				PRODUCT_NAME = "$(TARGET_NAME)";
			};
			name = Debug;
		};
		901C75E41A4A93D0002103FA /* Release */ = {
			isa = XCBuildConfiguration;
			buildSettings = {
				ASSETCATALOG_COMPILER_APPICON_NAME = AppIcon;
				ASSETCATALOG_COMPILER_LAUNCHIMAGE_NAME = LaunchImage;
				INFOPLIST_FILE = PKRefreshControlDemo/Info.plist;
				IPHONEOS_DEPLOYMENT_TARGET = 7.0;
				LD_RUNPATH_SEARCH_PATHS = "$(inherited) @executable_path/Frameworks";
				PRODUCT_NAME = "$(TARGET_NAME)";
			};
			name = Release;
		};
		901C75E61A4A93D0002103FA /* Debug */ = {
			isa = XCBuildConfiguration;
			buildSettings = {
				BUNDLE_LOADER = "$(TEST_HOST)";
				FRAMEWORK_SEARCH_PATHS = (
					"$(SDKROOT)/Developer/Library/Frameworks",
					"$(inherited)",
				);
				GCC_PREPROCESSOR_DEFINITIONS = (
					"DEBUG=1",
					"$(inherited)",
				);
				INFOPLIST_FILE = PKRefreshControlDemoTests/Info.plist;
				LD_RUNPATH_SEARCH_PATHS = "$(inherited) @executable_path/Frameworks @loader_path/Frameworks";
				PRODUCT_NAME = "$(TARGET_NAME)";
				TEST_HOST = "$(BUILT_PRODUCTS_DIR)/PKRefreshControlDemo.app/PKRefreshControlDemo";
			};
			name = Debug;
		};
		901C75E71A4A93D0002103FA /* Release */ = {
			isa = XCBuildConfiguration;
			buildSettings = {
				BUNDLE_LOADER = "$(TEST_HOST)";
				FRAMEWORK_SEARCH_PATHS = (
					"$(SDKROOT)/Developer/Library/Frameworks",
					"$(inherited)",
				);
				INFOPLIST_FILE = PKRefreshControlDemoTests/Info.plist;
				LD_RUNPATH_SEARCH_PATHS = "$(inherited) @executable_path/Frameworks @loader_path/Frameworks";
				PRODUCT_NAME = "$(TARGET_NAME)";
				TEST_HOST = "$(BUILT_PRODUCTS_DIR)/PKRefreshControlDemo.app/PKRefreshControlDemo";
			};
			name = Release;
		};
/* End XCBuildConfiguration section */

/* Begin XCConfigurationList section */
		901C75BA1A4A93CF002103FA /* Build configuration list for PBXProject "PKRefreshControlDemo" */ = {
			isa = XCConfigurationList;
			buildConfigurations = (
				901C75E01A4A93D0002103FA /* Debug */,
				901C75E11A4A93D0002103FA /* Release */,
			);
			defaultConfigurationIsVisible = 0;
			defaultConfigurationName = Release;
		};
		901C75E21A4A93D0002103FA /* Build configuration list for PBXNativeTarget "PKRefreshControlDemo" */ = {
			isa = XCConfigurationList;
			buildConfigurations = (
				901C75E31A4A93D0002103FA /* Debug */,
				901C75E41A4A93D0002103FA /* Release */,
			);
			defaultConfigurationIsVisible = 0;
			defaultConfigurationName = Release;
		};
		901C75E51A4A93D0002103FA /* Build configuration list for PBXNativeTarget "PKRefreshControlDemoTests" */ = {
			isa = XCConfigurationList;
			buildConfigurations = (
				901C75E61A4A93D0002103FA /* Debug */,
				901C75E71A4A93D0002103FA /* Release */,
			);
			defaultConfigurationIsVisible = 0;
			defaultConfigurationName = Release;
		};
/* End XCConfigurationList section */
	};
	rootObject = 901C75B71A4A93CF002103FA /* Project object */;
}
